[[dependencies]]
name = "@openzeppelin-contracts"
version = "5.2.0"
url = "https://soldeer-revisions.s3.amazonaws.com/@openzeppelin-contracts/5_2_0_11-01-2025_09:30:20_contracts.zip"
checksum = "6dbd0440446b2ed16ca25e9f1af08fc0c5c1e73e71fee86ae8a00daa774e3817"
integrity = "4cb7f3777f67fdf4b7d0e2f94d2f93f198b2e5dce718b7062ac7c2c83e1183bd"

[[dependencies]]
name = "flare-periphery"
version = "0.1.36"
url = "https://soldeer-revisions.s3.amazonaws.com/flare-periphery/0_1_36_12-08-2025_11:31:39_soldeer-flare-periphery.zip"
checksum = "5445bcf8e2f830e3ed5b50efe73654cfee8be796390fea6266787da9767cf4e9"
integrity = "3469ca25ef95ad81150a4a8e56f88bece99f38d0951118b32696a0142b27add8"

[[dependencies]]
name = "forge-std"
version = "1.10.0"
url = "https://soldeer-revisions.s3.amazonaws.com/forge-std/1_10_0_02-08-2025_06:50:35_forge-std-1.10.zip"
checksum = "8cc59e92a7762c170c15f2102c4f3718106dfc78239978fe87c64f316740cc09"
integrity = "3fd441e2499c5cf04ef9b4126f52150a50dcef9cac1645ff7a955345e947cd04"
